// !$*UTF8*$!
{
	archiveVersion = 1;
	classes = {
	};
	objectVersion = 56;
	objects = {

/* Begin PBXBuildFile section */
		0C0EA3FC2AFDCAE2004C43A2 /* Profile.swift in Sources */ = {isa = PBXBuildFile; fileRef = 0C0EA3FB2AFDCAE2004C43A2 /* Profile.swift */; };
		0C43A2B32B0C955900003AA7 /* TestView2.swift in Sources */ = {isa = PBXBuildFile; fileRef = 0C43A2B22B0C955900003AA7 /* TestView2.swift */; };
		0C43A2B52B0C989900003AA7 /* TestView3.swift in Sources */ = {isa = PBXBuildFile; fileRef = 0C43A2B42B0C989900003AA7 /* TestView3.swift */; };
		0C43A2B72B0CB50A00003AA7 /* TabViewTestView.swift in Sources */ = {isa = PBXBuildFile; fileRef = 0C43A2B62B0CB50A00003AA7 /* TabViewTestView.swift */; };
		0C9B81782B0CC7B0002A0D3A /* PagingView.swift in Sources */ = {isa = PBXBuildFile; fileRef = 0C9B81772B0CC7B0002A0D3A /* PagingView.swift */; };
		0C9B817E2B0CCC8B002A0D3A /* ProfileCardView2.swift in Sources */ = {isa = PBXBuildFile; fileRef = 0C9B817D2B0CCC8B002A0D3A /* ProfileCardView2.swift */; };
		0C9B81802B0CCCA7002A0D3A /* ProfileCardListView2.swift in Sources */ = {isa = PBXBuildFile; fileRef = 0C9B817F2B0CCCA7002A0D3A /* ProfileCardListView2.swift */; };
		0C9B81822B0CCCC1002A0D3A /* ProfileCardListView.swift in Sources */ = {isa = PBXBuildFile; fileRef = 0C9B81812B0CCCC1002A0D3A /* ProfileCardListView.swift */; };
		0CB855652B0BD8EE007400CE /* TestView.swift in Sources */ = {isa = PBXBuildFile; fileRef = 0CB855642B0BD8EE007400CE /* TestView.swift */; };
		0CD436792B038FC40052D459 /* EditView.swift in Sources */ = {isa = PBXBuildFile; fileRef = 0CD436782B038FC40052D459 /* EditView.swift */; };
		0CE6186E2AF11D3C00CF83ED /* SCC2App.swift in Sources */ = {isa = PBXBuildFile; fileRef = 0CE6186D2AF11D3C00CF83ED /* SCC2App.swift */; };
		0CE618702AF11D3C00CF83ED /* ContentView.swift in Sources */ = {isa = PBXBuildFile; fileRef = 0CE6186F2AF11D3C00CF83ED /* ContentView.swift */; };
		0CE618722AF11D3D00CF83ED /* Assets.xcassets in Resources */ = {isa = PBXBuildFile; fileRef = 0CE618712AF11D3D00CF83ED /* Assets.xcassets */; };
		0CE618752AF11D3D00CF83ED /* Preview Assets.xcassets in Resources */ = {isa = PBXBuildFile; fileRef = 0CE618742AF11D3D00CF83ED /* Preview Assets.xcassets */; };
		0CE6187C2AF11F0300CF83ED /* ProfileCardView.swift in Sources */ = {isa = PBXBuildFile; fileRef = 0CE6187B2AF11F0300CF83ED /* ProfileCardView.swift */; };
/* End PBXBuildFile section */

/* Begin PBXFileReference section */
		0C0EA3FB2AFDCAE2004C43A2 /* Profile.swift */ = {isa = PBXFileReference; lastKnownFileType = sourcecode.swift; path = Profile.swift; sourceTree = "<group>"; };
		0C43A2B22B0C955900003AA7 /* TestView2.swift */ = {isa = PBXFileReference; lastKnownFileType = sourcecode.swift; path = TestView2.swift; sourceTree = "<group>"; };
		0C43A2B42B0C989900003AA7 /* TestView3.swift */ = {isa = PBXFileReference; lastKnownFileType = sourcecode.swift; path = TestView3.swift; sourceTree = "<group>"; };
		0C43A2B62B0CB50A00003AA7 /* TabViewTestView.swift */ = {isa = PBXFileReference; lastKnownFileType = sourcecode.swift; path = TabViewTestView.swift; sourceTree = "<group>"; };
		0C9B81772B0CC7B0002A0D3A /* PagingView.swift */ = {isa = PBXFileReference; lastKnownFileType = sourcecode.swift; path = PagingView.swift; sourceTree = "<group>"; };
		0C9B817D2B0CCC8B002A0D3A /* ProfileCardView2.swift */ = {isa = PBXFileReference; lastKnownFileType = sourcecode.swift; path = ProfileCardView2.swift; sourceTree = "<group>"; };
		0C9B817F2B0CCCA7002A0D3A /* ProfileCardListView2.swift */ = {isa = PBXFileReference; lastKnownFileType = sourcecode.swift; path = ProfileCardListView2.swift; sourceTree = "<group>"; };
		0C9B81812B0CCCC1002A0D3A /* ProfileCardListView.swift */ = {isa = PBXFileReference; lastKnownFileType = sourcecode.swift; path = ProfileCardListView.swift; sourceTree = "<group>"; };
		0CB855642B0BD8EE007400CE /* TestView.swift */ = {isa = PBXFileReference; lastKnownFileType = sourcecode.swift; path = TestView.swift; sourceTree = "<group>"; };
		0CD436782B038FC40052D459 /* EditView.swift */ = {isa = PBXFileReference; lastKnownFileType = sourcecode.swift; path = EditView.swift; sourceTree = "<group>"; };
		0CE6186A2AF11D3C00CF83ED /* SCC2.app */ = {isa = PBXFileReference; explicitFileType = wrapper.application; includeInIndex = 0; path = SCC2.app; sourceTree = BUILT_PRODUCTS_DIR; };
		0CE6186D2AF11D3C00CF83ED /* SCC2App.swift */ = {isa = PBXFileReference; lastKnownFileType = sourcecode.swift; path = SCC2App.swift; sourceTree = "<group>"; };
		0CE6186F2AF11D3C00CF83ED /* ContentView.swift */ = {isa = PBXFileReference; lastKnownFileType = sourcecode.swift; path = ContentView.swift; sourceTree = "<group>"; };
		0CE618712AF11D3D00CF83ED /* Assets.xcassets */ = {isa = PBXFileReference; lastKnownFileType = folder.assetcatalog; path = Assets.xcassets; sourceTree = "<group>"; };
		0CE618742AF11D3D00CF83ED /* Preview Assets.xcassets */ = {isa = PBXFileReference; lastKnownFileType = folder.assetcatalog; path = "Preview Assets.xcassets"; sourceTree = "<group>"; };
		0CE6187B2AF11F0300CF83ED /* ProfileCardView.swift */ = {isa = PBXFileReference; lastKnownFileType = sourcecode.swift; path = ProfileCardView.swift; sourceTree = "<group>"; };
/* End PBXFileReference section */

/* Begin PBXFrameworksBuildPhase section */
		0CE618672AF11D3C00CF83ED /* Frameworks */ = {
			isa = PBXFrameworksBuildPhase;
			buildActionMask = 2147483647;
			files = (
			);
			runOnlyForDeploymentPostprocessing = 0;
		};
/* End PBXFrameworksBuildPhase section */

/* Begin PBXGroup section */
		0C9B81792B0CCA72002A0D3A /* TabView Practice */ = {
			isa = PBXGroup;
			children = (
				0C43A2B62B0CB50A00003AA7 /* TabViewTestView.swift */,
				0C43A2B22B0C955900003AA7 /* TestView2.swift */,
				0C43A2B42B0C989900003AA7 /* TestView3.swift */,
			);
			path = "TabView Practice";
			sourceTree = "<group>";
		};
		0C9B817A2B0CCA8D002A0D3A /* Test */ = {
			isa = PBXGroup;
			children = (
				0CB855642B0BD8EE007400CE /* TestView.swift */,
			);
			path = Test;
			sourceTree = "<group>";
		};
		0C9B817B2B0CCAAF002A0D3A /* Main */ = {
			isa = PBXGroup;
			children = (
				0CE6186F2AF11D3C00CF83ED /* ContentView.swift */,
				0C9B81772B0CC7B0002A0D3A /* PagingView.swift */,
				0CE6187B2AF11F0300CF83ED /* ProfileCardView.swift */,
				0C9B817D2B0CCC8B002A0D3A /* ProfileCardView2.swift */,
				0C9B81812B0CCCC1002A0D3A /* ProfileCardListView.swift */,
				0C9B817F2B0CCCA7002A0D3A /* ProfileCardListView2.swift */,
			);
			path = Main;
			sourceTree = "<group>";
		};
		0C9B817C2B0CCADA002A0D3A /* Profile Data */ = {
			isa = PBXGroup;
			children = (
				0C0EA3FB2AFDCAE2004C43A2 /* Profile.swift */,
			);
			path = "Profile Data";
			sourceTree = "<group>";
		};
		0CE618612AF11D3C00CF83ED = {
			isa = PBXGroup;
			children = (
				0CD436782B038FC40052D459 /* EditView.swift */,
				0CE6186C2AF11D3C00CF83ED /* SCC2 */,
				0CE6186B2AF11D3C00CF83ED /* Products */,
			);
			sourceTree = "<group>";
		};
		0CE6186B2AF11D3C00CF83ED /* Products */ = {
			isa = PBXGroup;
			children = (
				0CE6186A2AF11D3C00CF83ED /* SCC2.app */,
			);
			name = Products;
			sourceTree = "<group>";
		};
		0CE6186C2AF11D3C00CF83ED /* SCC2 */ = {
			isa = PBXGroup;
			children = (
				0CE6186D2AF11D3C00CF83ED /* SCC2App.swift */,
				0C9B817C2B0CCADA002A0D3A /* Profile Data */,
				0C9B817B2B0CCAAF002A0D3A /* Main */,
				0C9B817A2B0CCA8D002A0D3A /* Test */,
				0C9B81792B0CCA72002A0D3A /* TabView Practice */,
				0CE618712AF11D3D00CF83ED /* Assets.xcassets */,
				0CE618732AF11D3D00CF83ED /* Preview Content */,
			);
			path = SCC2;
			sourceTree = "<group>";
		};
		0CE618732AF11D3D00CF83ED /* Preview Content */ = {
			isa = PBXGroup;
			children = (
				0CE618742AF11D3D00CF83ED /* Preview Assets.xcassets */,
			);
			path = "Preview Content";
			sourceTree = "<group>";
		};
/* End PBXGroup section */

/* Begin PBXNativeTarget section */
		0CE618692AF11D3C00CF83ED /* SCC2 */ = {
			isa = PBXNativeTarget;
			buildConfigurationList = 0CE618782AF11D3D00CF83ED /* Build configuration list for PBXNativeTarget "SCC2" */;
			buildPhases = (
				0CE618662AF11D3C00CF83ED /* Sources */,
				0CE618672AF11D3C00CF83ED /* Frameworks */,
				0CE618682AF11D3C00CF83ED /* Resources */,
			);
			buildRules = (
			);
			dependencies = (
			);
			name = SCC2;
			productName = SCC2;
			productReference = 0CE6186A2AF11D3C00CF83ED /* SCC2.app */;
			productType = "com.apple.product-type.application";
		};
/* End PBXNativeTarget section */

/* Begin PBXProject section */
		0CE618622AF11D3C00CF83ED /* Project object */ = {
			isa = PBXProject;
			attributes = {
				BuildIndependentTargetsInParallel = 1;
				LastSwiftUpdateCheck = 1500;
				LastUpgradeCheck = 1500;
				TargetAttributes = {
					0CE618692AF11D3C00CF83ED = {
						CreatedOnToolsVersion = 15.0.1;
					};
				};
			};
			buildConfigurationList = 0CE618652AF11D3C00CF83ED /* Build configuration list for PBXProject "SCC2" */;
			compatibilityVersion = "Xcode 14.0";
			developmentRegion = en;
			hasScannedForEncodings = 0;
			knownRegions = (
				en,
				Base,
			);
			mainGroup = 0CE618612AF11D3C00CF83ED;
			productRefGroup = 0CE6186B2AF11D3C00CF83ED /* Products */;
			projectDirPath = "";
			projectRoot = "";
			targets = (
				0CE618692AF11D3C00CF83ED /* SCC2 */,
			);
		};
/* End PBXProject section */

/* Begin PBXResourcesBuildPhase section */
		0CE618682AF11D3C00CF83ED /* Resources */ = {
			isa = PBXResourcesBuildPhase;
			buildActionMask = 2147483647;
			files = (
				0CE618752AF11D3D00CF83ED /* Preview Assets.xcassets in Resources */,
				0CE618722AF11D3D00CF83ED /* Assets.xcassets in Resources */,
			);
			runOnlyForDeploymentPostprocessing = 0;
		};
/* End PBXResourcesBuildPhase section */

/* Begin PBXSourcesBuildPhase section */
		0CE618662AF11D3C00CF83ED /* Sources */ = {
			isa = PBXSourcesBuildPhase;
			buildActionMask = 2147483647;
			files = (
				0C43A2B72B0CB50A00003AA7 /* TabViewTestView.swift in Sources */,
				0C9B817E2B0CCC8B002A0D3A /* ProfileCardView2.swift in Sources */,
				0C43A2B52B0C989900003AA7 /* TestView3.swift in Sources */,
				0CB855652B0BD8EE007400CE /* TestView.swift in Sources */,
				0CE618702AF11D3C00CF83ED /* ContentView.swift in Sources */,
				0C9B81802B0CCCA7002A0D3A /* ProfileCardListView2.swift in Sources */,
				0CD436792B038FC40052D459 /* EditView.swift in Sources */,
				0C0EA3FC2AFDCAE2004C43A2 /* Profile.swift in Sources */,
				0C9B81822B0CCCC1002A0D3A /* ProfileCardListView.swift in Sources */,
				0C43A2B32B0C955900003AA7 /* TestView2.swift in Sources */,
				0CE6187C2AF11F0300CF83ED /* ProfileCardView.swift in Sources */,
				0C9B81782B0CC7B0002A0D3A /* PagingView.swift in Sources */,
				0CE6186E2AF11D3C00CF83ED /* SCC2App.swift in Sources */,
			);
			runOnlyForDeploymentPostprocessing = 0;
		};
/* End PBXSourcesBuildPhase section */

/* Begin XCBuildConfiguration section */
		0CE618762AF11D3D00CF83ED /* Debug */ = {
			isa = XCBuildConfiguration;
			buildSettings = {
				ALWAYS_SEARCH_USER_PATHS = NO;
				ASSETCATALOG_COMPILER_GENERATE_SWIFT_ASSET_SYMBOL_EXTENSIONS = YES;
				CLANG_ANALYZER_NONNULL = YES;
				CLANG_ANALYZER_NUMBER_OBJECT_CONVERSION = YES_AGGRESSIVE;
				CLANG_CXX_LANGUAGE_STANDARD = "gnu++20";
				CLANG_ENABLE_MODULES = YES;
				CLANG_ENABLE_OBJC_ARC = YES;
				CLANG_ENABLE_OBJC_WEAK = YES;
				CLANG_WARN_BLOCK_CAPTURE_AUTORELEASING = YES;
				CLANG_WARN_BOOL_CONVERSION = YES;
				CLANG_WARN_COMMA = YES;
				CLANG_WARN_CONSTANT_CONVERSION = YES;
				CLANG_WARN_DEPRECATED_OBJC_IMPLEMENTATIONS = YES;
				CLANG_WARN_DIRECT_OBJC_ISA_USAGE = YES_ERROR;
				CLANG_WARN_DOCUMENTATION_COMMENTS = YES;
				CLANG_WARN_EMPTY_BODY = YES;
				CLANG_WARN_ENUM_CONVERSION = YES;
				CLANG_WARN_INFINITE_RECURSION = YES;
				CLANG_WARN_INT_CONVERSION = YES;
				CLANG_WARN_NON_LITERAL_NULL_CONVERSION = YES;
				CLANG_WARN_OBJC_IMPLICIT_RETAIN_SELF = YES;
				CLANG_WARN_OBJC_LITERAL_CONVERSION = YES;
				CLANG_WARN_OBJC_ROOT_CLASS = YES_ERROR;
				CLANG_WARN_QUOTED_INCLUDE_IN_FRAMEWORK_HEADER = YES;
				CLANG_WARN_RANGE_LOOP_ANALYSIS = YES;
				CLANG_WARN_STRICT_PROTOTYPES = YES;
				CLANG_WARN_SUSPICIOUS_MOVE = YES;
				CLANG_WARN_UNGUARDED_AVAILABILITY = YES_AGGRESSIVE;
				CLANG_WARN_UNREACHABLE_CODE = YES;
				CLANG_WARN__DUPLICATE_METHOD_MATCH = YES;
				COPY_PHASE_STRIP = NO;
				DEBUG_INFORMATION_FORMAT = dwarf;
				ENABLE_STRICT_OBJC_MSGSEND = YES;
				ENABLE_TESTABILITY = YES;
				ENABLE_USER_SCRIPT_SANDBOXING = YES;
				GCC_C_LANGUAGE_STANDARD = gnu17;
				GCC_DYNAMIC_NO_PIC = NO;
				GCC_NO_COMMON_BLOCKS = YES;
				GCC_OPTIMIZATION_LEVEL = 0;
				GCC_PREPROCESSOR_DEFINITIONS = (
					"DEBUG=1",
					"$(inherited)",
				);
				GCC_WARN_64_TO_32_BIT_CONVERSION = YES;
				GCC_WARN_ABOUT_RETURN_TYPE = YES_ERROR;
				GCC_WARN_UNDECLARED_SELECTOR = YES;
				GCC_WARN_UNINITIALIZED_AUTOS = YES_AGGRESSIVE;
				GCC_WARN_UNUSED_FUNCTION = YES;
				GCC_WARN_UNUSED_VARIABLE = YES;
				IPHONEOS_DEPLOYMENT_TARGET = 17.0;
				LOCALIZATION_PREFERS_STRING_CATALOGS = YES;
				MTL_ENABLE_DEBUG_INFO = INCLUDE_SOURCE;
				MTL_FAST_MATH = YES;
				ONLY_ACTIVE_ARCH = YES;
				SDKROOT = iphoneos;
				SWIFT_ACTIVE_COMPILATION_CONDITIONS = "DEBUG $(inherited)";
				SWIFT_OPTIMIZATION_LEVEL = "-Onone";
			};
			name = Debug;
		};
		0CE618772AF11D3D00CF83ED /* Release */ = {
			isa = XCBuildConfiguration;
			buildSettings = {
				ALWAYS_SEARCH_USER_PATHS = NO;
				ASSETCATALOG_COMPILER_GENERATE_SWIFT_ASSET_SYMBOL_EXTENSIONS = YES;
				CLANG_ANALYZER_NONNULL = YES;
				CLANG_ANALYZER_NUMBER_OBJECT_CONVERSION = YES_AGGRESSIVE;
				CLANG_CXX_LANGUAGE_STANDARD = "gnu++20";
				CLANG_ENABLE_MODULES = YES;
				CLANG_ENABLE_OBJC_ARC = YES;
				CLANG_ENABLE_OBJC_WEAK = YES;
				CLANG_WARN_BLOCK_CAPTURE_AUTORELEASING = YES;
				CLANG_WARN_BOOL_CONVERSION = YES;
				CLANG_WARN_COMMA = YES;
				CLANG_WARN_CONSTANT_CONVERSION = YES;
				CLANG_WARN_DEPRECATED_OBJC_IMPLEMENTATIONS = YES;
				CLANG_WARN_DIRECT_OBJC_ISA_USAGE = YES_ERROR;
				CLANG_WARN_DOCUMENTATION_COMMENTS = YES;
				CLANG_WARN_EMPTY_BODY = YES;
				CLANG_WARN_ENUM_CONVERSION = YES;
				CLANG_WARN_INFINITE_RECURSION = YES;
				CLANG_WARN_INT_CONVERSION = YES;
				CLANG_WARN_NON_LITERAL_NULL_CONVERSION = YES;
				CLANG_WARN_OBJC_IMPLICIT_RETAIN_SELF = YES;
				CLANG_WARN_OBJC_LITERAL_CONVERSION = YES;
				CLANG_WARN_OBJC_ROOT_CLASS = YES_ERROR;
				CLANG_WARN_QUOTED_INCLUDE_IN_FRAMEWORK_HEADER = YES;
				CLANG_WARN_RANGE_LOOP_ANALYSIS = YES;
				CLANG_WARN_STRICT_PROTOTYPES = YES;
				CLANG_WARN_SUSPICIOUS_MOVE = YES;
				CLANG_WARN_UNGUARDED_AVAILABILITY = YES_AGGRESSIVE;
				CLANG_WARN_UNREACHABLE_CODE = YES;
				CLANG_WARN__DUPLICATE_METHOD_MATCH = YES;
				COPY_PHASE_STRIP = NO;
				DEBUG_INFORMATION_FORMAT = "dwarf-with-dsym";
				ENABLE_NS_ASSERTIONS = NO;
				ENABLE_STRICT_OBJC_MSGSEND = YES;
				ENABLE_USER_SCRIPT_SANDBOXING = YES;
				GCC_C_LANGUAGE_STANDARD = gnu17;
				GCC_NO_COMMON_BLOCKS = YES;
				GCC_WARN_64_TO_32_BIT_CONVERSION = YES;
				GCC_WARN_ABOUT_RETURN_TYPE = YES_ERROR;
				GCC_WARN_UNDECLARED_SELECTOR = YES;
				GCC_WARN_UNINITIALIZED_AUTOS = YES_AGGRESSIVE;
				GCC_WARN_UNUSED_FUNCTION = YES;
				GCC_WARN_UNUSED_VARIABLE = YES;
				IPHONEOS_DEPLOYMENT_TARGET = 17.0;
				LOCALIZATION_PREFERS_STRING_CATALOGS = YES;
				MTL_ENABLE_DEBUG_INFO = NO;
				MTL_FAST_MATH = YES;
				SDKROOT = iphoneos;
				SWIFT_COMPILATION_MODE = wholemodule;
				VALIDATE_PRODUCT = YES;
			};
			name = Release;
		};
		0CE618792AF11D3D00CF83ED /* Debug */ = {
			isa = XCBuildConfiguration;
			buildSettings = {
				ASSETCATALOG_COMPILER_APPICON_NAME = AppIcon;
				ASSETCATALOG_COMPILER_GLOBAL_ACCENT_COLOR_NAME = AccentColor;
				CODE_SIGN_STYLE = Automatic;
				CURRENT_PROJECT_VERSION = 1;
				DEVELOPMENT_ASSET_PATHS = "\"SCC2/Preview Content\"";
				DEVELOPMENT_TEAM = NCLJJYF4QS;
				ENABLE_PREVIEWS = YES;
				GENERATE_INFOPLIST_FILE = YES;
				INFOPLIST_KEY_UIApplicationSceneManifest_Generation = YES;
				INFOPLIST_KEY_UIApplicationSupportsIndirectInputEvents = YES;
				INFOPLIST_KEY_UILaunchScreen_Generation = YES;
				INFOPLIST_KEY_UISupportedInterfaceOrientations_iPad = "UIInterfaceOrientationPortrait UIInterfaceOrientationPortraitUpsideDown UIInterfaceOrientationLandscapeLeft UIInterfaceOrientationLandscapeRight";
				INFOPLIST_KEY_UISupportedInterfaceOrientations_iPhone = "UIInterfaceOrientationPortrait UIInterfaceOrientationLandscapeLeft UIInterfaceOrientationLandscapeRight";
				LD_RUNPATH_SEARCH_PATHS = (
					"$(inherited)",
					"@executable_path/Frameworks",
				);
				MARKETING_VERSION = 1.0;
				PRODUCT_BUNDLE_IDENTIFIER = com.leehe228.SCC2;
				PRODUCT_NAME = "$(TARGET_NAME)";
				SWIFT_EMIT_LOC_STRINGS = YES;
				SWIFT_VERSION = 5.0;
				TARGETED_DEVICE_FAMILY = "1,2";
			};
			name = Debug;
		};
		0CE6187A2AF11D3D00CF83ED /* Release */ = {
			isa = XCBuildConfiguration;
			buildSettings = {
				ASSETCATALOG_COMPILER_APPICON_NAME = AppIcon;
				ASSETCATALOG_COMPILER_GLOBAL_ACCENT_COLOR_NAME = AccentColor;
				CODE_SIGN_STYLE = Automatic;
				CURRENT_PROJECT_VERSION = 1;
				DEVELOPMENT_ASSET_PATHS = "\"SCC2/Preview Content\"";
				DEVELOPMENT_TEAM = NCLJJYF4QS;
				ENABLE_PREVIEWS = YES;
				GENERATE_INFOPLIST_FILE = YES;
				INFOPLIST_KEY_UIApplicationSceneManifest_Generation = YES;
				INFOPLIST_KEY_UIApplicationSupportsIndirectInputEvents = YES;
				INFOPLIST_KEY_UILaunchScreen_Generation = YES;
				INFOPLIST_KEY_UISupportedInterfaceOrientations_iPad = "UIInterfaceOrientationPortrait UIInterfaceOrientationPortraitUpsideDown UIInterfaceOrientationLandscapeLeft UIInterfaceOrientationLandscapeRight";
				INFOPLIST_KEY_UISupportedInterfaceOrientations_iPhone = "UIInterfaceOrientationPortrait UIInterfaceOrientationLandscapeLeft UIInterfaceOrientationLandscapeRight";
				LD_RUNPATH_SEARCH_PATHS = (
					"$(inherited)",
					"@executable_path/Frameworks",
				);
				MARKETING_VERSION = 1.0;
				PRODUCT_BUNDLE_IDENTIFIER = com.leehe228.SCC2;
				PRODUCT_NAME = "$(TARGET_NAME)";
				SWIFT_EMIT_LOC_STRINGS = YES;
				SWIFT_VERSION = 5.0;
				TARGETED_DEVICE_FAMILY = "1,2";
			};
			name = Release;
		};
/* End XCBuildConfiguration section */

/* Begin XCConfigurationList section */
		0CE618652AF11D3C00CF83ED /* Build configuration list for PBXProject "SCC2" */ = {
			isa = XCConfigurationList;
			buildConfigurations = (
				0CE618762AF11D3D00CF83ED /* Debug */,
				0CE618772AF11D3D00CF83ED /* Release */,
			);
			defaultConfigurationIsVisible = 0;
			defaultConfigurationName = Release;
		};
		0CE618782AF11D3D00CF83ED /* Build configuration list for PBXNativeTarget "SCC2" */ = {
			isa = XCConfigurationList;
			buildConfigurations = (
				0CE618792AF11D3D00CF83ED /* Debug */,
				0CE6187A2AF11D3D00CF83ED /* Release */,
			);
			defaultConfigurationIsVisible = 0;
			defaultConfigurationName = Release;
		};
/* End XCConfigurationList section */
	};
	rootObject = 0CE618622AF11D3C00CF83ED /* Project object */;
}
